
Microsoft Visual Studio Solution File, Format Version 12.00
# Visual Studio 2017
Project("{FAE04EC0-301F-11D3-BF4B-00C04F79EFBC}") = "tuto_untity", "tuto_untity.csproj", "{F95CAD4E-7B99-A701-B533-3D131587A2AB}"
EndProject
Global
	GlobalSection(SolutionConfigurationPlatforms) = preSolution
		Debug|Any CPU = Debug|Any CPU
		Release|Any CPU = Release|Any CPU
	EndGlobalSection
	GlobalSection(ProjectConfigurationPlatforms) = postSolution
		{F95CAD4E-7B99-A701-B533-3D131587A2AB}.Debug|Any CPU.ActiveCfg = Debug|Any CPU
		{F95CAD4E-7B99-A701-B533-3D131587A2AB}.Debug|Any CPU.Build.0 = Debug|Any CPU
		{F95CAD4E-7B99-A701-B533-3D131587A2AB}.Release|Any CPU.ActiveCfg = Release|Any CPU
		{F95CAD4E-7B99-A701-B533-3D131587A2AB}.Release|Any CPU.Build.0 = Release|Any CPU
	EndGlobalSection
	GlobalSection(SolutionProperties) = preSolution
		HideSolutionNode = FALSE
	EndGlobalSection
EndGlobal
